
Microsoft Visual Studio Solution File, Format Version 12.00
# Visual Studio Version 16
VisualStudioVersion = 16.0.31727.386
MinimumVisualStudioVersion = 10.0.40219.1
Project("{FAE04EC0-301F-11D3-BF4B-00C04F79EFBC}") = "FFXIVCamTools", "FFXIVCamTools\FFXIVCamTools.csproj", "{00DF91EE-B394-4BFB-ADEC-4D5B7A6EC044}"
EndProject
Global
	GlobalSection(SolutionConfigurationPlatforms) = preSolution
		Debug|Any CPU = Debug|Any CPU
		Release|Any CPU = Release|Any CPU
	EndGlobalSection
	GlobalSection(ProjectConfigurationPlatforms) = postSolution
		{00DF91EE-B394-4BFB-ADEC-4D5B7A6EC044}.Debug|Any CPU.ActiveCfg = Debug|Any CPU
		{00DF91EE-B394-4BFB-ADEC-4D5B7A6EC044}.Debug|Any CPU.Build.0 = Debug|Any CPU
		{00DF91EE-B394-4BFB-ADEC-4D5B7A6EC044}.Release|Any CPU.ActiveCfg = Release|Any CPU
		{00DF91EE-B394-4BFB-ADEC-4D5B7A6EC044}.Release|Any CPU.Build.0 = Release|Any CPU
	EndGlobalSection
	GlobalSection(SolutionProperties) = preSolution
		HideSolutionNode = FALSE
	EndGlobalSection
	GlobalSection(ExtensibilityGlobals) = postSolution
		SolutionGuid = {BDB26C3A-DFBB-4331-97FD-821437562E39}
	EndGlobalSection
EndGlobal
